
Microsoft Visual Studio Solution File, Format Version 12.00
# Visual Studio Express 15 for Windows Desktop
VisualStudioVersion = 15.0.28307.1738
MinimumVisualStudioVersion = 10.0.40219.1
Project("{FAE04EC0-301F-11D3-BF4B-00C04F79EFBC}") = "UniversityPage", "UniversityPage\UniversityPage.csproj", "{8A03E2F1-21C4-4E81-9E7F-25FDAA0D5151}"
EndProject
Global
	GlobalSection(SolutionConfigurationPlatforms) = preSolution
		Debug|Any CPU = Debug|Any CPU
		Release|Any CPU = Release|Any CPU
	EndGlobalSection
	GlobalSection(ProjectConfigurationPlatforms) = postSolution
		{8A03E2F1-21C4-4E81-9E7F-25FDAA0D5151}.Debug|Any CPU.ActiveCfg = Debug|Any CPU
		{8A03E2F1-21C4-4E81-9E7F-25FDAA0D5151}.Debug|Any CPU.Build.0 = Debug|Any CPU
		{8A03E2F1-21C4-4E81-9E7F-25FDAA0D5151}.Release|Any CPU.ActiveCfg = Release|Any CPU
		{8A03E2F1-21C4-4E81-9E7F-25FDAA0D5151}.Release|Any CPU.Build.0 = Release|Any CPU
	EndGlobalSection
	GlobalSection(SolutionProperties) = preSolution
		HideSolutionNode = FALSE
	EndGlobalSection
	GlobalSection(ExtensibilityGlobals) = postSolution
		SolutionGuid = {06F4BAED-AE30-4404-A6A2-B6DFAFEF1470}
	EndGlobalSection
EndGlobal
